
Microsoft Visual Studio Solution File, Format Version 12.00
# Visual Studio 14
VisualStudioVersion = 14.0.25420.1
MinimumVisualStudioVersion = 10.0.40219.1
Project("{FAE04EC0-301F-11D3-BF4B-00C04F79EFBC}") = "Bowling-kata", "Bowling-kata\Bowling-kata.csproj", "{775F57F5-2A09-4789-8E67-7290DB97CA88}"
EndProject
Project("{FAE04EC0-301F-11D3-BF4B-00C04F79EFBC}") = "Bowling-kata.tests", "Bowling-kata.tests\Bowling-kata.tests.csproj", "{47921E79-8E23-4038-9AB2-BE88EE10A22A}"
EndProject
Global
	GlobalSection(SolutionConfigurationPlatforms) = preSolution
		Debug|Any CPU = Debug|Any CPU
		Release|Any CPU = Release|Any CPU
	EndGlobalSection
	GlobalSection(ProjectConfigurationPlatforms) = postSolution
		{775F57F5-2A09-4789-8E67-7290DB97CA88}.Debug|Any CPU.ActiveCfg = Debug|Any CPU
		{775F57F5-2A09-4789-8E67-7290DB97CA88}.Debug|Any CPU.Build.0 = Debug|Any CPU
		{775F57F5-2A09-4789-8E67-7290DB97CA88}.Release|Any CPU.ActiveCfg = Release|Any CPU
		{775F57F5-2A09-4789-8E67-7290DB97CA88}.Release|Any CPU.Build.0 = Release|Any CPU
		{47921E79-8E23-4038-9AB2-BE88EE10A22A}.Debug|Any CPU.ActiveCfg = Debug|Any CPU
		{47921E79-8E23-4038-9AB2-BE88EE10A22A}.Debug|Any CPU.Build.0 = Debug|Any CPU
		{47921E79-8E23-4038-9AB2-BE88EE10A22A}.Release|Any CPU.ActiveCfg = Release|Any CPU
		{47921E79-8E23-4038-9AB2-BE88EE10A22A}.Release|Any CPU.Build.0 = Release|Any CPU
	EndGlobalSection
	GlobalSection(SolutionProperties) = preSolution
		HideSolutionNode = FALSE
	EndGlobalSection
EndGlobal
